
Microsoft Visual Studio Solution File, Format Version 12.00
# Visual Studio Version 17
VisualStudioVersion = 17.5.33424.131
MinimumVisualStudioVersion = 10.0.40219.1
Project("{9A19103F-16F7-4668-BE54-9A1E7A4F7556}") = "01_Basics", "01_Basics\01_Basics.csproj", "{3ACC532D-062B-496A-A6FF-E6B58E7E731D}"
EndProject
Project("{9A19103F-16F7-4668-BE54-9A1E7A4F7556}") = "02_Accessors", "02_Accessors\02_Accessors.csproj", "{44F5B32E-4648-4CE8-8C5A-95DB537B1B64}"
EndProject
Project("{9A19103F-16F7-4668-BE54-9A1E7A4F7556}") = "03_ClassAsProperty", "03_ClassAsProperty\03_ClassAsProperty.csproj", "{4371C721-0856-4373-ABAD-F7E1EE4A6A67}"
EndProject
Project("{9A19103F-16F7-4668-BE54-9A1E7A4F7556}") = "04_ConstructorChaining", "04_ConstructorChaining\04_ConstructorChaining.csproj", "{55652752-2685-4A45-8F94-94F85E10D562}"
EndProject
Project("{9A19103F-16F7-4668-BE54-9A1E7A4F7556}") = "06_StaticMethods", "06_StaticMethods\06_StaticMethods.csproj", "{7B70B86E-7236-4F34-B1D3-E0525009F640}"
EndProject
Project("{9A19103F-16F7-4668-BE54-9A1E7A4F7556}") = "05_StaticMembers", "05_StaticMembers\05_StaticMembers.csproj", "{8E934499-50D0-49BF-8BBD-4B2E497EBCF8}"
EndProject
Project("{FAE04EC0-301F-11D3-BF4B-00C04F79EFBC}") = "07_StaticClassesAndSingletons", "07_StaticClassesAndSingletons\07_StaticClassesAndSingletons.csproj", "{1FEEDB06-495C-4A25-8A71-601405E9F09E}"
EndProject
Project("{FAE04EC0-301F-11D3-BF4B-00C04F79EFBC}") = "08_Enumerations", "08_Enumerations\08_Enumerations.csproj", "{56D09BE5-9580-403E-AC5F-EEB503FD4376}"
EndProject
Global
	GlobalSection(SolutionConfigurationPlatforms) = preSolution
		Debug|Any CPU = Debug|Any CPU
		Release|Any CPU = Release|Any CPU
	EndGlobalSection
	GlobalSection(ProjectConfigurationPlatforms) = postSolution
		{3ACC532D-062B-496A-A6FF-E6B58E7E731D}.Debug|Any CPU.ActiveCfg = Debug|Any CPU
		{3ACC532D-062B-496A-A6FF-E6B58E7E731D}.Debug|Any CPU.Build.0 = Debug|Any CPU
		{3ACC532D-062B-496A-A6FF-E6B58E7E731D}.Release|Any CPU.ActiveCfg = Release|Any CPU
		{3ACC532D-062B-496A-A6FF-E6B58E7E731D}.Release|Any CPU.Build.0 = Release|Any CPU
		{44F5B32E-4648-4CE8-8C5A-95DB537B1B64}.Debug|Any CPU.ActiveCfg = Debug|Any CPU
		{44F5B32E-4648-4CE8-8C5A-95DB537B1B64}.Debug|Any CPU.Build.0 = Debug|Any CPU
		{44F5B32E-4648-4CE8-8C5A-95DB537B1B64}.Release|Any CPU.ActiveCfg = Release|Any CPU
		{44F5B32E-4648-4CE8-8C5A-95DB537B1B64}.Release|Any CPU.Build.0 = Release|Any CPU
		{4371C721-0856-4373-ABAD-F7E1EE4A6A67}.Debug|Any CPU.ActiveCfg = Debug|Any CPU
		{4371C721-0856-4373-ABAD-F7E1EE4A6A67}.Debug|Any CPU.Build.0 = Debug|Any CPU
		{4371C721-0856-4373-ABAD-F7E1EE4A6A67}.Release|Any CPU.ActiveCfg = Release|Any CPU
		{4371C721-0856-4373-ABAD-F7E1EE4A6A67}.Release|Any CPU.Build.0 = Release|Any CPU
		{55652752-2685-4A45-8F94-94F85E10D562}.Debug|Any CPU.ActiveCfg = Debug|Any CPU
		{55652752-2685-4A45-8F94-94F85E10D562}.Debug|Any CPU.Build.0 = Debug|Any CPU
		{55652752-2685-4A45-8F94-94F85E10D562}.Release|Any CPU.ActiveCfg = Release|Any CPU
		{55652752-2685-4A45-8F94-94F85E10D562}.Release|Any CPU.Build.0 = Release|Any CPU
		{7B70B86E-7236-4F34-B1D3-E0525009F640}.Debug|Any CPU.ActiveCfg = Debug|Any CPU
		{7B70B86E-7236-4F34-B1D3-E0525009F640}.Debug|Any CPU.Build.0 = Debug|Any CPU
		{7B70B86E-7236-4F34-B1D3-E0525009F640}.Release|Any CPU.ActiveCfg = Release|Any CPU
		{7B70B86E-7236-4F34-B1D3-E0525009F640}.Release|Any CPU.Build.0 = Release|Any CPU
		{8E934499-50D0-49BF-8BBD-4B2E497EBCF8}.Debug|Any CPU.ActiveCfg = Debug|Any CPU
		{8E934499-50D0-49BF-8BBD-4B2E497EBCF8}.Debug|Any CPU.Build.0 = Debug|Any CPU
		{8E934499-50D0-49BF-8BBD-4B2E497EBCF8}.Release|Any CPU.ActiveCfg = Release|Any CPU
		{8E934499-50D0-49BF-8BBD-4B2E497EBCF8}.Release|Any CPU.Build.0 = Release|Any CPU
		{1FEEDB06-495C-4A25-8A71-601405E9F09E}.Debug|Any CPU.ActiveCfg = Debug|Any CPU
		{1FEEDB06-495C-4A25-8A71-601405E9F09E}.Debug|Any CPU.Build.0 = Debug|Any CPU
		{1FEEDB06-495C-4A25-8A71-601405E9F09E}.Release|Any CPU.ActiveCfg = Release|Any CPU
		{1FEEDB06-495C-4A25-8A71-601405E9F09E}.Release|Any CPU.Build.0 = Release|Any CPU
		{56D09BE5-9580-403E-AC5F-EEB503FD4376}.Debug|Any CPU.ActiveCfg = Debug|Any CPU
		{56D09BE5-9580-403E-AC5F-EEB503FD4376}.Debug|Any CPU.Build.0 = Debug|Any CPU
		{56D09BE5-9580-403E-AC5F-EEB503FD4376}.Release|Any CPU.ActiveCfg = Release|Any CPU
		{56D09BE5-9580-403E-AC5F-EEB503FD4376}.Release|Any CPU.Build.0 = Release|Any CPU
	EndGlobalSection
	GlobalSection(SolutionProperties) = preSolution
		HideSolutionNode = FALSE
	EndGlobalSection
	GlobalSection(ExtensibilityGlobals) = postSolution
		SolutionGuid = {7985A1C7-FAD6-4756-8D8B-4FDE298B74F3}
	EndGlobalSection
EndGlobal
